
Microsoft Visual Studio Solution File, Format Version 12.00
# Visual Studio Version 17
VisualStudioVersion = 17.11.35219.272
MinimumVisualStudioVersion = 10.0.40219.1
Project("{FAE04EC0-301F-11D3-BF4B-00C04F79EFBC}") = "SeaBattleC-sharp", "SeaBattleC-sharp.csproj", "{CEB8BCEE-B991-4DE4-BCCC-A68892C076E9}"
EndProject
Global
	GlobalSection(SolutionConfigurationPlatforms) = preSolution
		Debug|Any CPU = Debug|Any CPU
		Release|Any CPU = Release|Any CPU
	EndGlobalSection
	GlobalSection(ProjectConfigurationPlatforms) = postSolution
		{CEB8BCEE-B991-4DE4-BCCC-A68892C076E9}.Debug|Any CPU.ActiveCfg = Debug|Any CPU
		{CEB8BCEE-B991-4DE4-BCCC-A68892C076E9}.Debug|Any CPU.Build.0 = Debug|Any CPU
		{CEB8BCEE-B991-4DE4-BCCC-A68892C076E9}.Release|Any CPU.ActiveCfg = Release|Any CPU
		{CEB8BCEE-B991-4DE4-BCCC-A68892C076E9}.Release|Any CPU.Build.0 = Release|Any CPU
	EndGlobalSection
	GlobalSection(SolutionProperties) = preSolution
		HideSolutionNode = FALSE
	EndGlobalSection
	GlobalSection(ExtensibilityGlobals) = postSolution
		SolutionGuid = {C02123CC-283A-4CFD-A2A6-6D97613D88E9}
	EndGlobalSection
EndGlobal
